
Microsoft Visual Studio Solution File, Format Version 12.00
# Visual Studio Version 16
VisualStudioVersion = 16.0.29613.14
MinimumVisualStudioVersion = 10.0.40219.1
Project("{8BC9CEB8-8B4A-11D0-8D11-00A0C91BC942}") = "Task 5", "Task 5\Task 5.vcxproj", "{890B86A1-4269-404B-B9DA-2F990B648B51}"
EndProject
Global
	GlobalSection(SolutionConfigurationPlatforms) = preSolution
		Debug|x64 = Debug|x64
		Debug|x86 = Debug|x86
		Release|x64 = Release|x64
		Release|x86 = Release|x86
	EndGlobalSection
	GlobalSection(ProjectConfigurationPlatforms) = postSolution
		{890B86A1-4269-404B-B9DA-2F990B648B51}.Debug|x64.ActiveCfg = Debug|x64
		{890B86A1-4269-404B-B9DA-2F990B648B51}.Debug|x64.Build.0 = Debug|x64
		{890B86A1-4269-404B-B9DA-2F990B648B51}.Debug|x86.ActiveCfg = Debug|Win32
		{890B86A1-4269-404B-B9DA-2F990B648B51}.Debug|x86.Build.0 = Debug|Win32
		{890B86A1-4269-404B-B9DA-2F990B648B51}.Release|x64.ActiveCfg = Release|x64
		{890B86A1-4269-404B-B9DA-2F990B648B51}.Release|x64.Build.0 = Release|x64
		{890B86A1-4269-404B-B9DA-2F990B648B51}.Release|x86.ActiveCfg = Release|Win32
		{890B86A1-4269-404B-B9DA-2F990B648B51}.Release|x86.Build.0 = Release|Win32
	EndGlobalSection
	GlobalSection(SolutionProperties) = preSolution
		HideSolutionNode = FALSE
	EndGlobalSection
	GlobalSection(ExtensibilityGlobals) = postSolution
		SolutionGuid = {4662F944-67A5-476A-8A28-0262D3BEF086}
	EndGlobalSection
EndGlobal
